
Microsoft Visual Studio Solution File, Format Version 12.00
# Visual Studio Version 17
VisualStudioVersion = 17.14.36717.8 d17.14
MinimumVisualStudioVersion = 10.0.40219.1
Project("{FAE04EC0-301F-11D3-BF4B-00C04F79EFBC}") = "NetCoreAI.Project01_ApiDemo", "NetCoreAI.Project01_ApiDemo\NetCoreAI.Project01_ApiDemo.csproj", "{500B61D8-EB27-4BD0-8409-D8BDD9C853B1}"
EndProject
Project("{FAE04EC0-301F-11D3-BF4B-00C04F79EFBC}") = "NetCoreAI.Project02_ApiConsumeUI", "NetCoreAI.Project02_ApiConsumeUI\NetCoreAI.Project02_ApiConsumeUI.csproj", "{408C0993-2486-4741-808E-7DF013B5491F}"
EndProject
Project("{FAE04EC0-301F-11D3-BF4B-00C04F79EFBC}") = "NetCoreAI.Project03_RapidApi", "NetCoreAI.Project03_RapidApi\NetCoreAI.Project03_RapidApi.csproj", "{399BBF40-430C-4691-B3F4-82223CD199EE}"
EndProject
Project("{FAE04EC0-301F-11D3-BF4B-00C04F79EFBC}") = "NetCoreAI.Project04_OpenAIChat", "NetCoreAI.Project04_OpenAIChat\NetCoreAI.Project04_OpenAIChat.csproj", "{B9D172AE-0889-43E4-86AC-E5C45F399A81}"
EndProject
Project("{FAE04EC0-301F-11D3-BF4B-00C04F79EFBC}") = "NetCoreAI.Project05_OpenAIWhisperAudioTranskript", "NetCoreAI.Project05_OpenAIWhisperAudioTranskript\NetCoreAI.Project05_OpenAIWhisperAudioTranskript.csproj", "{8B5EDF7A-B8AF-4C7D-A228-201692DED8BA}"
EndProject
Project("{FAE04EC0-301F-11D3-BF4B-00C04F79EFBC}") = "NetCoreAI.Project06_DallEImageGeneration", "NetCoreAI.Project06_DallEImageGeneration\NetCoreAI.Project06_DallEImageGeneration.csproj", "{932DC2E2-67F0-497B-930D-2BE9A65EB334}"
EndProject
Global
	GlobalSection(SolutionConfigurationPlatforms) = preSolution
		Debug|Any CPU = Debug|Any CPU
		Release|Any CPU = Release|Any CPU
	EndGlobalSection
	GlobalSection(ProjectConfigurationPlatforms) = postSolution
		{500B61D8-EB27-4BD0-8409-D8BDD9C853B1}.Debug|Any CPU.ActiveCfg = Debug|Any CPU
		{500B61D8-EB27-4BD0-8409-D8BDD9C853B1}.Debug|Any CPU.Build.0 = Debug|Any CPU
		{500B61D8-EB27-4BD0-8409-D8BDD9C853B1}.Release|Any CPU.ActiveCfg = Release|Any CPU
		{500B61D8-EB27-4BD0-8409-D8BDD9C853B1}.Release|Any CPU.Build.0 = Release|Any CPU
		{408C0993-2486-4741-808E-7DF013B5491F}.Debug|Any CPU.ActiveCfg = Debug|Any CPU
		{408C0993-2486-4741-808E-7DF013B5491F}.Debug|Any CPU.Build.0 = Debug|Any CPU
		{408C0993-2486-4741-808E-7DF013B5491F}.Release|Any CPU.ActiveCfg = Release|Any CPU
		{408C0993-2486-4741-808E-7DF013B5491F}.Release|Any CPU.Build.0 = Release|Any CPU
		{399BBF40-430C-4691-B3F4-82223CD199EE}.Debug|Any CPU.ActiveCfg = Debug|Any CPU
		{399BBF40-430C-4691-B3F4-82223CD199EE}.Debug|Any CPU.Build.0 = Debug|Any CPU
		{399BBF40-430C-4691-B3F4-82223CD199EE}.Release|Any CPU.ActiveCfg = Release|Any CPU
		{399BBF40-430C-4691-B3F4-82223CD199EE}.Release|Any CPU.Build.0 = Release|Any CPU
		{B9D172AE-0889-43E4-86AC-E5C45F399A81}.Debug|Any CPU.ActiveCfg = Debug|Any CPU
		{B9D172AE-0889-43E4-86AC-E5C45F399A81}.Debug|Any CPU.Build.0 = Debug|Any CPU
		{B9D172AE-0889-43E4-86AC-E5C45F399A81}.Release|Any CPU.ActiveCfg = Release|Any CPU
		{B9D172AE-0889-43E4-86AC-E5C45F399A81}.Release|Any CPU.Build.0 = Release|Any CPU
		{8B5EDF7A-B8AF-4C7D-A228-201692DED8BA}.Debug|Any CPU.ActiveCfg = Debug|Any CPU
		{8B5EDF7A-B8AF-4C7D-A228-201692DED8BA}.Debug|Any CPU.Build.0 = Debug|Any CPU
		{8B5EDF7A-B8AF-4C7D-A228-201692DED8BA}.Release|Any CPU.ActiveCfg = Release|Any CPU
		{8B5EDF7A-B8AF-4C7D-A228-201692DED8BA}.Release|Any CPU.Build.0 = Release|Any CPU
		{932DC2E2-67F0-497B-930D-2BE9A65EB334}.Debug|Any CPU.ActiveCfg = Debug|Any CPU
		{932DC2E2-67F0-497B-930D-2BE9A65EB334}.Debug|Any CPU.Build.0 = Debug|Any CPU
		{932DC2E2-67F0-497B-930D-2BE9A65EB334}.Release|Any CPU.ActiveCfg = Release|Any CPU
		{932DC2E2-67F0-497B-930D-2BE9A65EB334}.Release|Any CPU.Build.0 = Release|Any CPU
	EndGlobalSection
	GlobalSection(SolutionProperties) = preSolution
		HideSolutionNode = FALSE
	EndGlobalSection
	GlobalSection(ExtensibilityGlobals) = postSolution
		SolutionGuid = {30ECAE74-6F7B-4C9C-B3C2-1C0416EE0A26}
	EndGlobalSection
EndGlobal
